
Microsoft Visual Studio Solution File, Format Version 12.00
# Visual Studio 15
VisualStudioVersion = 15.0.26730.15
MinimumVisualStudioVersion = 10.0.40219.1
Project("{FAE04EC0-301F-11D3-BF4B-00C04F79EFBC}") = "NautilusBackup", "NautilusBackup\NautilusBackup.csproj", "{C019B350-1882-4160-9038-F25F729B336D}"
EndProject
Project("{FAE04EC0-301F-11D3-BF4B-00C04F79EFBC}") = "SqlReaderAddon", "SqlReaderAddon\SqlReaderAddon.csproj", "{9F245E61-83E6-430A-B0CA-FD7ECDDAB0C7}"
EndProject
Project("{FAE04EC0-301F-11D3-BF4B-00C04F79EFBC}") = "ThermoDpSQLReader", "ThermoDpSQLReader\ThermoDpSQLReader.csproj", "{ADEC06A9-D92F-4782-9DC3-BB2076EF24BF}"
EndProject
Project("{FAE04EC0-301F-11D3-BF4B-00C04F79EFBC}") = "SandBox", "SandBox\SandBox.csproj", "{98702D8D-0391-48D4-900D-FEA4DA8ECE2D}"
EndProject
Project("{FAE04EC0-301F-11D3-BF4B-00C04F79EFBC}") = "Windowless Sample", "..\wpf-notifyicon\Windowless Sample\Windowless Sample.csproj", "{964EBFBE-A600-49B2-BDD8-422B46F1D544}"
EndProject
Project("{FAE04EC0-301F-11D3-BF4B-00C04F79EFBC}") = "TestNotifyIcon", "TestNotifyIcon\TestNotifyIcon.csproj", "{33CB3CA9-98A5-4A22-A247-9E04EAE3F056}"
EndProject
Project("{FAE04EC0-301F-11D3-BF4B-00C04F79EFBC}") = "ManualRamosAddon", "ManualRamosAddon\ManualRamosAddon.csproj", "{3CACC45E-2C18-4800-ACB3-937B1154B767}"
EndProject
Global
	GlobalSection(SolutionConfigurationPlatforms) = preSolution
		Debug|Any CPU = Debug|Any CPU
		Release|Any CPU = Release|Any CPU
	EndGlobalSection
	GlobalSection(ProjectConfigurationPlatforms) = postSolution
		{C019B350-1882-4160-9038-F25F729B336D}.Debug|Any CPU.ActiveCfg = Debug|Any CPU
		{C019B350-1882-4160-9038-F25F729B336D}.Debug|Any CPU.Build.0 = Debug|Any CPU
		{C019B350-1882-4160-9038-F25F729B336D}.Release|Any CPU.ActiveCfg = Release|Any CPU
		{C019B350-1882-4160-9038-F25F729B336D}.Release|Any CPU.Build.0 = Release|Any CPU
		{9F245E61-83E6-430A-B0CA-FD7ECDDAB0C7}.Debug|Any CPU.ActiveCfg = Debug|Any CPU
		{9F245E61-83E6-430A-B0CA-FD7ECDDAB0C7}.Debug|Any CPU.Build.0 = Debug|Any CPU
		{9F245E61-83E6-430A-B0CA-FD7ECDDAB0C7}.Release|Any CPU.ActiveCfg = Release|Any CPU
		{9F245E61-83E6-430A-B0CA-FD7ECDDAB0C7}.Release|Any CPU.Build.0 = Release|Any CPU
		{ADEC06A9-D92F-4782-9DC3-BB2076EF24BF}.Debug|Any CPU.ActiveCfg = Debug|Any CPU
		{ADEC06A9-D92F-4782-9DC3-BB2076EF24BF}.Debug|Any CPU.Build.0 = Debug|Any CPU
		{ADEC06A9-D92F-4782-9DC3-BB2076EF24BF}.Release|Any CPU.ActiveCfg = Release|Any CPU
		{ADEC06A9-D92F-4782-9DC3-BB2076EF24BF}.Release|Any CPU.Build.0 = Release|Any CPU
		{98702D8D-0391-48D4-900D-FEA4DA8ECE2D}.Debug|Any CPU.ActiveCfg = Debug|Any CPU
		{98702D8D-0391-48D4-900D-FEA4DA8ECE2D}.Debug|Any CPU.Build.0 = Debug|Any CPU
		{98702D8D-0391-48D4-900D-FEA4DA8ECE2D}.Release|Any CPU.ActiveCfg = Release|Any CPU
		{98702D8D-0391-48D4-900D-FEA4DA8ECE2D}.Release|Any CPU.Build.0 = Release|Any CPU
		{964EBFBE-A600-49B2-BDD8-422B46F1D544}.Debug|Any CPU.ActiveCfg = Debug|Any CPU
		{964EBFBE-A600-49B2-BDD8-422B46F1D544}.Debug|Any CPU.Build.0 = Debug|Any CPU
		{964EBFBE-A600-49B2-BDD8-422B46F1D544}.Release|Any CPU.ActiveCfg = Release|Any CPU
		{964EBFBE-A600-49B2-BDD8-422B46F1D544}.Release|Any CPU.Build.0 = Release|Any CPU
		{33CB3CA9-98A5-4A22-A247-9E04EAE3F056}.Debug|Any CPU.ActiveCfg = Debug|Any CPU
		{33CB3CA9-98A5-4A22-A247-9E04EAE3F056}.Debug|Any CPU.Build.0 = Debug|Any CPU
		{33CB3CA9-98A5-4A22-A247-9E04EAE3F056}.Release|Any CPU.ActiveCfg = Release|Any CPU
		{33CB3CA9-98A5-4A22-A247-9E04EAE3F056}.Release|Any CPU.Build.0 = Release|Any CPU
		{3CACC45E-2C18-4800-ACB3-937B1154B767}.Debug|Any CPU.ActiveCfg = Debug|Any CPU
		{3CACC45E-2C18-4800-ACB3-937B1154B767}.Debug|Any CPU.Build.0 = Debug|Any CPU
		{3CACC45E-2C18-4800-ACB3-937B1154B767}.Release|Any CPU.ActiveCfg = Release|Any CPU
		{3CACC45E-2C18-4800-ACB3-937B1154B767}.Release|Any CPU.Build.0 = Release|Any CPU
	EndGlobalSection
	GlobalSection(SolutionProperties) = preSolution
		HideSolutionNode = FALSE
	EndGlobalSection
	GlobalSection(ExtensibilityGlobals) = postSolution
		SolutionGuid = {00B3688A-59E5-4E7A-8024-FD1007F567F3}
	EndGlobalSection
EndGlobal
